
Microsoft Visual Studio Solution File, Format Version 12.00
# Visual Studio Version 16
VisualStudioVersion = 16.0.30128.74
MinimumVisualStudioVersion = 10.0.40219.1
Project("{FAE04EC0-301F-11D3-BF4B-00C04F79EFBC}") = "KeyVisualizer", "KeyVisualizer.csproj", "{7BA7AE95-4300-49BB-A3F7-9AA947F7F584}"
EndProject
Project("{FAE04EC0-301F-11D3-BF4B-00C04F79EFBC}") = "WPFTools", "..\WPFTools\WPFTools.csproj", "{56D53198-F3BF-4D0D-A484-8C9D9CD7D08A}"
EndProject
Global
	GlobalSection(SolutionConfigurationPlatforms) = preSolution
		Debug|Any CPU = Debug|Any CPU
		Release|Any CPU = Release|Any CPU
	EndGlobalSection
	GlobalSection(ProjectConfigurationPlatforms) = postSolution
		{7BA7AE95-4300-49BB-A3F7-9AA947F7F584}.Debug|Any CPU.ActiveCfg = Debug|Any CPU
		{7BA7AE95-4300-49BB-A3F7-9AA947F7F584}.Debug|Any CPU.Build.0 = Debug|Any CPU
		{7BA7AE95-4300-49BB-A3F7-9AA947F7F584}.Release|Any CPU.ActiveCfg = Release|Any CPU
		{7BA7AE95-4300-49BB-A3F7-9AA947F7F584}.Release|Any CPU.Build.0 = Release|Any CPU
		{56D53198-F3BF-4D0D-A484-8C9D9CD7D08A}.Debug|Any CPU.ActiveCfg = Debug|Any CPU
		{56D53198-F3BF-4D0D-A484-8C9D9CD7D08A}.Debug|Any CPU.Build.0 = Debug|Any CPU
		{56D53198-F3BF-4D0D-A484-8C9D9CD7D08A}.Release|Any CPU.ActiveCfg = Release|Any CPU
		{56D53198-F3BF-4D0D-A484-8C9D9CD7D08A}.Release|Any CPU.Build.0 = Release|Any CPU
	EndGlobalSection
	GlobalSection(SolutionProperties) = preSolution
		HideSolutionNode = FALSE
	EndGlobalSection
	GlobalSection(ExtensibilityGlobals) = postSolution
		SolutionGuid = {5C7B6323-966F-4E17-A371-358F6236A455}
	EndGlobalSection
EndGlobal
